
Microsoft Visual Studio Solution File, Format Version 12.00
# Visual Studio 2013
VisualStudioVersion = 12.0.31101.0
MinimumVisualStudioVersion = 10.0.40219.1
Project("{8BC9CEB8-8B4A-11D0-8D11-00A0C91BC942}") = "Ani_Data_Serever_PC", "Ani_Data_Serever_PC\Ani_Data_Serever_PC.vcxproj", "{12106FB4-FDFE-4BFF-AF16-828CBAA097CE}"
EndProject
Global
	GlobalSection(SolutionConfigurationPlatforms) = preSolution
		_SYSTEM_AMTAFT_|Win32 = _SYSTEM_AMTAFT_|Win32
		_SYSTEM_AMTAFT_|x64 = _SYSTEM_AMTAFT_|x64
		_SYSTEM_GAMMA_|Win32 = _SYSTEM_GAMMA_|Win32
		_SYSTEM_GAMMA_|x64 = _SYSTEM_GAMMA_|x64
		Debug|Win32 = Debug|Win32
		Debug|x64 = Debug|x64
		Release|Win32 = Release|Win32
		Release|x64 = Release|x64
	EndGlobalSection
	GlobalSection(ProjectConfigurationPlatforms) = postSolution
		{12106FB4-FDFE-4BFF-AF16-828CBAA097CE}._SYSTEM_AMTAFT_|Win32.ActiveCfg = _SYSTEM_AMTAFT_|Win32
		{12106FB4-FDFE-4BFF-AF16-828CBAA097CE}._SYSTEM_AMTAFT_|Win32.Build.0 = _SYSTEM_AMTAFT_|Win32
		{12106FB4-FDFE-4BFF-AF16-828CBAA097CE}._SYSTEM_AMTAFT_|x64.ActiveCfg = _SYSTEM_AMTAFT_|x64
		{12106FB4-FDFE-4BFF-AF16-828CBAA097CE}._SYSTEM_AMTAFT_|x64.Build.0 = _SYSTEM_AMTAFT_|x64
		{12106FB4-FDFE-4BFF-AF16-828CBAA097CE}._SYSTEM_GAMMA_|Win32.ActiveCfg = _SYSTEM_GAMMA_|Win32
		{12106FB4-FDFE-4BFF-AF16-828CBAA097CE}._SYSTEM_GAMMA_|Win32.Build.0 = _SYSTEM_GAMMA_|Win32
		{12106FB4-FDFE-4BFF-AF16-828CBAA097CE}._SYSTEM_GAMMA_|x64.ActiveCfg = _SYSTEM_GAMMA_|x64
		{12106FB4-FDFE-4BFF-AF16-828CBAA097CE}._SYSTEM_GAMMA_|x64.Build.0 = _SYSTEM_GAMMA_|x64
		{12106FB4-FDFE-4BFF-AF16-828CBAA097CE}.Debug|Win32.ActiveCfg = _SYSTEM_UNLOADER_|Win32
		{12106FB4-FDFE-4BFF-AF16-828CBAA097CE}.Debug|Win32.Build.0 = _SYSTEM_UNLOADER_|Win32
		{12106FB4-FDFE-4BFF-AF16-828CBAA097CE}.Debug|x64.ActiveCfg = _SYSTEM_UNLOADER_|x64
		{12106FB4-FDFE-4BFF-AF16-828CBAA097CE}.Debug|x64.Build.0 = _SYSTEM_UNLOADER_|x64
		{12106FB4-FDFE-4BFF-AF16-828CBAA097CE}.Release|Win32.ActiveCfg = _SYSTEM_UNLOADER_|Win32
		{12106FB4-FDFE-4BFF-AF16-828CBAA097CE}.Release|Win32.Build.0 = _SYSTEM_UNLOADER_|Win32
		{12106FB4-FDFE-4BFF-AF16-828CBAA097CE}.Release|x64.ActiveCfg = _SYSTEM_UNLOADER_|x64
		{12106FB4-FDFE-4BFF-AF16-828CBAA097CE}.Release|x64.Build.0 = _SYSTEM_UNLOADER_|x64
	EndGlobalSection
	GlobalSection(SolutionProperties) = preSolution
		HideSolutionNode = FALSE
	EndGlobalSection
EndGlobal
